// !$*UTF8*$!
{
	archiveVersion = 1;
	classes = {
	};
	objectVersion = 48;
	objects = {

/* Begin PBXBuildFile section */
		1F3CD03220BBA08400737C95 /* AppDelegate.swift in Sources */ = {isa = PBXBuildFile; fileRef = 1F3CD03120BBA08400737C95 /* AppDelegate.swift */; };
		1F3CD03420BBA08400737C95 /* ViewController.swift in Sources */ = {isa = PBXBuildFile; fileRef = 1F3CD03320BBA08400737C95 /* ViewController.swift */; };
		1F3CD03620BBA08400737C95 /* Assets.xcassets in Resources */ = {isa = PBXBuildFile; fileRef = 1F3CD03520BBA08400737C95 /* Assets.xcassets */; };
		1F3CD03920BBA08400737C95 /* Main.storyboard in Resources */ = {isa = PBXBuildFile; fileRef = 1F3CD03720BBA08400737C95 /* Main.storyboard */; };
		1F3CD04720BBABC000737C95 /* DDC.c in Sources */ = {isa = PBXBuildFile; fileRef = 1F3CD04520BBABC000737C95 /* DDC.c */; };
		1F3CD04820BBABC000737C95 /* ddcctl.m in Sources */ = {isa = PBXBuildFile; fileRef = 1F3CD04620BBABC000737C95 /* ddcctl.m */; };
/* End PBXBuildFile section */

/* Begin PBXFileReference section */
		1F3CD02E20BBA08400737C95 /* ASUS Volume.app */ = {isa = PBXFileReference; explicitFileType = wrapper.application; includeInIndex = 0; path = "ASUS Volume.app"; sourceTree = BUILT_PRODUCTS_DIR; };
		1F3CD03120BBA08400737C95 /* AppDelegate.swift */ = {isa = PBXFileReference; lastKnownFileType = sourcecode.swift; path = AppDelegate.swift; sourceTree = "<group>"; };
		1F3CD03320BBA08400737C95 /* ViewController.swift */ = {isa = PBXFileReference; lastKnownFileType = sourcecode.swift; path = ViewController.swift; sourceTree = "<group>"; };
		1F3CD03520BBA08400737C95 /* Assets.xcassets */ = {isa = PBXFileReference; lastKnownFileType = folder.assetcatalog; path = Assets.xcassets; sourceTree = "<group>"; };
		1F3CD03820BBA08400737C95 /* Base */ = {isa = PBXFileReference; lastKnownFileType = file.storyboard; name = Base; path = Base.lproj/Main.storyboard; sourceTree = "<group>"; };
		1F3CD03A20BBA08500737C95 /* Info.plist */ = {isa = PBXFileReference; lastKnownFileType = text.plist.xml; path = Info.plist; sourceTree = "<group>"; };
		1F3CD03B20BBA08500737C95 /* ASUS_Volume.entitlements */ = {isa = PBXFileReference; lastKnownFileType = text.plist.entitlements; path = ASUS_Volume.entitlements; sourceTree = "<group>"; };
		1F3CD04320BBABBE00737C95 /* ASUS Volume-Bridging-Header.h */ = {isa = PBXFileReference; lastKnownFileType = sourcecode.c.h; path = "ASUS Volume-Bridging-Header.h"; sourceTree = "<group>"; };
		1F3CD04420BBABBF00737C95 /* DDC.h */ = {isa = PBXFileReference; fileEncoding = 4; lastKnownFileType = sourcecode.c.h; path = DDC.h; sourceTree = "<group>"; };
		1F3CD04520BBABC000737C95 /* DDC.c */ = {isa = PBXFileReference; fileEncoding = 4; lastKnownFileType = sourcecode.c.c; path = DDC.c; sourceTree = "<group>"; };
		1F3CD04620BBABC000737C95 /* ddcctl.m */ = {isa = PBXFileReference; fileEncoding = 4; lastKnownFileType = sourcecode.c.objc; path = ddcctl.m; sourceTree = "<group>"; };
		1F3CD04920BBB01000737C95 /* ddcctl.h */ = {isa = PBXFileReference; lastKnownFileType = sourcecode.c.h; path = ddcctl.h; sourceTree = "<group>"; };
/* End PBXFileReference section */

/* Begin PBXFrameworksBuildPhase section */
		1F3CD02B20BBA08400737C95 /* Frameworks */ = {
			isa = PBXFrameworksBuildPhase;
			buildActionMask = 2147483647;
			files = (
			);
			runOnlyForDeploymentPostprocessing = 0;
		};
/* End PBXFrameworksBuildPhase section */

/* Begin PBXGroup section */
		1F3CD02520BBA08400737C95 = {
			isa = PBXGroup;
			children = (
				1F3CD03020BBA08400737C95 /* ASUS Volume */,
				1F3CD02F20BBA08400737C95 /* Products */,
			);
			sourceTree = "<group>";
		};
		1F3CD02F20BBA08400737C95 /* Products */ = {
			isa = PBXGroup;
			children = (
				1F3CD02E20BBA08400737C95 /* ASUS Volume.app */,
			);
			name = Products;
			sourceTree = "<group>";
		};
		1F3CD03020BBA08400737C95 /* ASUS Volume */ = {
			isa = PBXGroup;
			children = (
				1F3CD04520BBABC000737C95 /* DDC.c */,
				1F3CD04420BBABBF00737C95 /* DDC.h */,
				1F3CD04920BBB01000737C95 /* ddcctl.h */,
				1F3CD04620BBABC000737C95 /* ddcctl.m */,
				1F3CD03120BBA08400737C95 /* AppDelegate.swift */,
				1F3CD03320BBA08400737C95 /* ViewController.swift */,
				1F3CD03520BBA08400737C95 /* Assets.xcassets */,
				1F3CD03720BBA08400737C95 /* Main.storyboard */,
				1F3CD03A20BBA08500737C95 /* Info.plist */,
				1F3CD03B20BBA08500737C95 /* ASUS_Volume.entitlements */,
				1F3CD04320BBABBE00737C95 /* ASUS Volume-Bridging-Header.h */,
			);
			path = "ASUS Volume";
			sourceTree = "<group>";
		};
/* End PBXGroup section */

/* Begin PBXNativeTarget section */
		1F3CD02D20BBA08400737C95 /* ASUS Volume */ = {
			isa = PBXNativeTarget;
			buildConfigurationList = 1F3CD03E20BBA08500737C95 /* Build configuration list for PBXNativeTarget "ASUS Volume" */;
			buildPhases = (
				1F3CD02A20BBA08400737C95 /* Sources */,
				1F3CD02B20BBA08400737C95 /* Frameworks */,
				1F3CD02C20BBA08400737C95 /* Resources */,
			);
			buildRules = (
			);
			dependencies = (
			);
			name = "ASUS Volume";
			productName = "ASUS Volume";
			productReference = 1F3CD02E20BBA08400737C95 /* ASUS Volume.app */;
			productType = "com.apple.product-type.application";
		};
/* End PBXNativeTarget section */

/* Begin PBXProject section */
		1F3CD02620BBA08400737C95 /* Project object */ = {
			isa = PBXProject;
			attributes = {
				LastSwiftUpdateCheck = 0920;
				LastUpgradeCheck = 0920;
				ORGANIZATIONNAME = "Bruce Sheplan";
				TargetAttributes = {
					1F3CD02D20BBA08400737C95 = {
						CreatedOnToolsVersion = 9.2;
						LastSwiftMigration = 0920;
						ProvisioningStyle = Automatic;
					};
				};
			};
			buildConfigurationList = 1F3CD02920BBA08400737C95 /* Build configuration list for PBXProject "ASUS Volume" */;
			compatibilityVersion = "Xcode 8.0";
			developmentRegion = en;
			hasScannedForEncodings = 0;
			knownRegions = (
				en,
				Base,
			);
			mainGroup = 1F3CD02520BBA08400737C95;
			productRefGroup = 1F3CD02F20BBA08400737C95 /* Products */;
			projectDirPath = "";
			projectRoot = "";
			targets = (
				1F3CD02D20BBA08400737C95 /* ASUS Volume */,
			);
		};
/* End PBXProject section */

/* Begin PBXResourcesBuildPhase section */
		1F3CD02C20BBA08400737C95 /* Resources */ = {
			isa = PBXResourcesBuildPhase;
			buildActionMask = 2147483647;
			files = (
				1F3CD03620BBA08400737C95 /* Assets.xcassets in Resources */,
				1F3CD03920BBA08400737C95 /* Main.storyboard in Resources */,
			);
			runOnlyForDeploymentPostprocessing = 0;
		};
/* End PBXResourcesBuildPhase section */

/* Begin PBXSourcesBuildPhase section */
		1F3CD02A20BBA08400737C95 /* Sources */ = {
			isa = PBXSourcesBuildPhase;
			buildActionMask = 2147483647;
			files = (
				1F3CD04720BBABC000737C95 /* DDC.c in Sources */,
				1F3CD04820BBABC000737C95 /* ddcctl.m in Sources */,
				1F3CD03420BBA08400737C95 /* ViewController.swift in Sources */,
				1F3CD03220BBA08400737C95 /* AppDelegate.swift in Sources */,
			);
			runOnlyForDeploymentPostprocessing = 0;
		};
/* End PBXSourcesBuildPhase section */

/* Begin PBXVariantGroup section */
		1F3CD03720BBA08400737C95 /* Main.storyboard */ = {
			isa = PBXVariantGroup;
			children = (
				1F3CD03820BBA08400737C95 /* Base */,
			);
			name = Main.storyboard;
			sourceTree = "<group>";
		};
/* End PBXVariantGroup section */

/* Begin XCBuildConfiguration section */
		1F3CD03C20BBA08500737C95 /* Debug */ = {
			isa = XCBuildConfiguration;
			buildSettings = {
				ALWAYS_SEARCH_USER_PATHS = NO;
				CLANG_ANALYZER_NONNULL = YES;
				CLANG_ANALYZER_NUMBER_OBJECT_CONVERSION = YES_AGGRESSIVE;
				CLANG_CXX_LANGUAGE_STANDARD = "gnu++14";
				CLANG_CXX_LIBRARY = "libc++";
				CLANG_ENABLE_MODULES = YES;
				CLANG_ENABLE_OBJC_ARC = YES;
				CLANG_WARN_BLOCK_CAPTURE_AUTORELEASING = YES;
				CLANG_WARN_BOOL_CONVERSION = YES;
				CLANG_WARN_COMMA = YES;
				CLANG_WARN_CONSTANT_CONVERSION = YES;
				CLANG_WARN_DIRECT_OBJC_ISA_USAGE = YES_ERROR;
				CLANG_WARN_DOCUMENTATION_COMMENTS = YES;
				CLANG_WARN_EMPTY_BODY = YES;
				CLANG_WARN_ENUM_CONVERSION = YES;
				CLANG_WARN_INFINITE_RECURSION = YES;
				CLANG_WARN_INT_CONVERSION = YES;
				CLANG_WARN_NON_LITERAL_NULL_CONVERSION = YES;
				CLANG_WARN_OBJC_LITERAL_CONVERSION = YES;
				CLANG_WARN_OBJC_ROOT_CLASS = YES_ERROR;
				CLANG_WARN_RANGE_LOOP_ANALYSIS = YES;
				CLANG_WARN_STRICT_PROTOTYPES = YES;
				CLANG_WARN_SUSPICIOUS_MOVE = YES;
				CLANG_WARN_UNGUARDED_AVAILABILITY = YES_AGGRESSIVE;
				CLANG_WARN_UNREACHABLE_CODE = YES;
				CLANG_WARN__DUPLICATE_METHOD_MATCH = YES;
				CODE_SIGN_IDENTITY = "-";
				COPY_PHASE_STRIP = NO;
				DEBUG_INFORMATION_FORMAT = dwarf;
				ENABLE_STRICT_OBJC_MSGSEND = YES;
				ENABLE_TESTABILITY = YES;
				GCC_C_LANGUAGE_STANDARD = gnu11;
				GCC_DYNAMIC_NO_PIC = NO;
				GCC_NO_COMMON_BLOCKS = YES;
				GCC_OPTIMIZATION_LEVEL = 0;
				GCC_PREPROCESSOR_DEFINITIONS = (
					"DEBUG=1",
					"$(inherited)",
				);
				GCC_WARN_64_TO_32_BIT_CONVERSION = YES;
				GCC_WARN_ABOUT_RETURN_TYPE = YES_ERROR;
				GCC_WARN_UNDECLARED_SELECTOR = YES;
				GCC_WARN_UNINITIALIZED_AUTOS = YES_AGGRESSIVE;
				GCC_WARN_UNUSED_FUNCTION = YES;
				GCC_WARN_UNUSED_VARIABLE = YES;
				MACOSX_DEPLOYMENT_TARGET = 10.12;
				MTL_ENABLE_DEBUG_INFO = YES;
				ONLY_ACTIVE_ARCH = YES;
				SDKROOT = macosx;
				SWIFT_ACTIVE_COMPILATION_CONDITIONS = DEBUG;
				SWIFT_OPTIMIZATION_LEVEL = "-Onone";
			};
			name = Debug;
		};
		1F3CD03D20BBA08500737C95 /* Release */ = {
			isa = XCBuildConfiguration;
			buildSettings = {
				ALWAYS_SEARCH_USER_PATHS = NO;
				CLANG_ANALYZER_NONNULL = YES;
				CLANG_ANALYZER_NUMBER_OBJECT_CONVERSION = YES_AGGRESSIVE;
				CLANG_CXX_LANGUAGE_STANDARD = "gnu++14";
				CLANG_CXX_LIBRARY = "libc++";
				CLANG_ENABLE_MODULES = YES;
				CLANG_ENABLE_OBJC_ARC = YES;
				CLANG_WARN_BLOCK_CAPTURE_AUTORELEASING = YES;
				CLANG_WARN_BOOL_CONVERSION = YES;
				CLANG_WARN_COMMA = YES;
				CLANG_WARN_CONSTANT_CONVERSION = YES;
				CLANG_WARN_DIRECT_OBJC_ISA_USAGE = YES_ERROR;
				CLANG_WARN_DOCUMENTATION_COMMENTS = YES;
				CLANG_WARN_EMPTY_BODY = YES;
				CLANG_WARN_ENUM_CONVERSION = YES;
				CLANG_WARN_INFINITE_RECURSION = YES;
				CLANG_WARN_INT_CONVERSION = YES;
				CLANG_WARN_NON_LITERAL_NULL_CONVERSION = YES;
				CLANG_WARN_OBJC_LITERAL_CONVERSION = YES;
				CLANG_WARN_OBJC_ROOT_CLASS = YES_ERROR;
				CLANG_WARN_RANGE_LOOP_ANALYSIS = YES;
				CLANG_WARN_STRICT_PROTOTYPES = YES;
				CLANG_WARN_SUSPICIOUS_MOVE = YES;
				CLANG_WARN_UNGUARDED_AVAILABILITY = YES_AGGRESSIVE;
				CLANG_WARN_UNREACHABLE_CODE = YES;
				CLANG_WARN__DUPLICATE_METHOD_MATCH = YES;
				CODE_SIGN_IDENTITY = "-";
				COPY_PHASE_STRIP = NO;
				DEBUG_INFORMATION_FORMAT = "dwarf-with-dsym";
				ENABLE_NS_ASSERTIONS = NO;
				ENABLE_STRICT_OBJC_MSGSEND = YES;
				GCC_C_LANGUAGE_STANDARD = gnu11;
				GCC_NO_COMMON_BLOCKS = YES;
				GCC_WARN_64_TO_32_BIT_CONVERSION = YES;
				GCC_WARN_ABOUT_RETURN_TYPE = YES_ERROR;
				GCC_WARN_UNDECLARED_SELECTOR = YES;
				GCC_WARN_UNINITIALIZED_AUTOS = YES_AGGRESSIVE;
				GCC_WARN_UNUSED_FUNCTION = YES;
				GCC_WARN_UNUSED_VARIABLE = YES;
				MACOSX_DEPLOYMENT_TARGET = 10.12;
				MTL_ENABLE_DEBUG_INFO = NO;
				SDKROOT = macosx;
				SWIFT_OPTIMIZATION_LEVEL = "-Owholemodule";
			};
			name = Release;
		};
		1F3CD03F20BBA08500737C95 /* Debug */ = {
			isa = XCBuildConfiguration;
			buildSettings = {
				ASSETCATALOG_COMPILER_APPICON_NAME = AppIcon;
				CLANG_ENABLE_MODULES = YES;
				CODE_SIGN_ENTITLEMENTS = "ASUS Volume/ASUS_Volume.entitlements";
				CODE_SIGN_STYLE = Automatic;
				COMBINE_HIDPI_IMAGES = YES;
				INFOPLIST_FILE = "ASUS Volume/Info.plist";
				LD_RUNPATH_SEARCH_PATHS = "$(inherited) @executable_path/../Frameworks";
				PRODUCT_BUNDLE_IDENTIFIER = "com.sheplan.utils.ASUS-Volume";
				PRODUCT_NAME = "$(TARGET_NAME)";
				SWIFT_OBJC_BRIDGING_HEADER = "ASUS Volume/ASUS Volume-Bridging-Header.h";
				SWIFT_OPTIMIZATION_LEVEL = "-Onone";
				SWIFT_VERSION = 4.0;
			};
			name = Debug;
		};
		1F3CD04020BBA08500737C95 /* Release */ = {
			isa = XCBuildConfiguration;
			buildSettings = {
				ASSETCATALOG_COMPILER_APPICON_NAME = AppIcon;
				CLANG_ENABLE_MODULES = YES;
				CODE_SIGN_ENTITLEMENTS = "ASUS Volume/ASUS_Volume.entitlements";
				CODE_SIGN_STYLE = Automatic;
				COMBINE_HIDPI_IMAGES = YES;
				INFOPLIST_FILE = "ASUS Volume/Info.plist";
				LD_RUNPATH_SEARCH_PATHS = "$(inherited) @executable_path/../Frameworks";
				PRODUCT_BUNDLE_IDENTIFIER = "com.sheplan.utils.ASUS-Volume";
				PRODUCT_NAME = "$(TARGET_NAME)";
				SWIFT_OBJC_BRIDGING_HEADER = "ASUS Volume/ASUS Volume-Bridging-Header.h";
				SWIFT_VERSION = 4.0;
			};
			name = Release;
		};
/* End XCBuildConfiguration section */

/* Begin XCConfigurationList section */
		1F3CD02920BBA08400737C95 /* Build configuration list for PBXProject "ASUS Volume" */ = {
			isa = XCConfigurationList;
			buildConfigurations = (
				1F3CD03C20BBA08500737C95 /* Debug */,
				1F3CD03D20BBA08500737C95 /* Release */,
			);
			defaultConfigurationIsVisible = 0;
			defaultConfigurationName = Release;
		};
		1F3CD03E20BBA08500737C95 /* Build configuration list for PBXNativeTarget "ASUS Volume" */ = {
			isa = XCConfigurationList;
			buildConfigurations = (
				1F3CD03F20BBA08500737C95 /* Debug */,
				1F3CD04020BBA08500737C95 /* Release */,
			);
			defaultConfigurationIsVisible = 0;
			defaultConfigurationName = Release;
		};
/* End XCConfigurationList section */
	};
	rootObject = 1F3CD02620BBA08400737C95 /* Project object */;
}
